
Microsoft Visual Studio Solution File, Format Version 12.00
# Visual Studio 2017
Project("{FAE04EC0-301F-11D3-BF4B-00C04F79EFBC}") = "3D Virtual Environment", "3D Virtual Environment.csproj", "{76AD1642-E32C-3F9D-1120-835D4970E1EB}"
EndProject
Project("{FAE04EC0-301F-11D3-BF4B-00C04F79EFBC}") = "3D Virtual Environment.Editor", "3D Virtual Environment.Editor.csproj", "{853E7CA9-E8A9-A1D5-7928-29FC883FF5EB}"
EndProject
Global
	GlobalSection(SolutionConfigurationPlatforms) = preSolution
		Debug|Any CPU = Debug|Any CPU
		Release|Any CPU = Release|Any CPU
	EndGlobalSection
	GlobalSection(ProjectConfigurationPlatforms) = postSolution
		{76AD1642-E32C-3F9D-1120-835D4970E1EB}.Debug|Any CPU.ActiveCfg = Debug|Any CPU
		{76AD1642-E32C-3F9D-1120-835D4970E1EB}.Debug|Any CPU.Build.0 = Debug|Any CPU
		{76AD1642-E32C-3F9D-1120-835D4970E1EB}.Release|Any CPU.ActiveCfg = Release|Any CPU
		{76AD1642-E32C-3F9D-1120-835D4970E1EB}.Release|Any CPU.Build.0 = Release|Any CPU
		{853E7CA9-E8A9-A1D5-7928-29FC883FF5EB}.Debug|Any CPU.ActiveCfg = Debug|Any CPU
		{853E7CA9-E8A9-A1D5-7928-29FC883FF5EB}.Debug|Any CPU.Build.0 = Debug|Any CPU
		{853E7CA9-E8A9-A1D5-7928-29FC883FF5EB}.Release|Any CPU.ActiveCfg = Release|Any CPU
		{853E7CA9-E8A9-A1D5-7928-29FC883FF5EB}.Release|Any CPU.Build.0 = Release|Any CPU
	EndGlobalSection
	GlobalSection(SolutionProperties) = preSolution
		HideSolutionNode = FALSE
	EndGlobalSection
EndGlobal
